{
  "object": {
    "pins": [
      {
        "package": "Request",
        "repositoryURL": "https://github.com/carson-katri/swift-request",
        "state": {
          "branch": "base64",
          "revision": "c38ebea8fc84d986b9d18f8a971851754a63248f",
          "version": null
        }
      }
    ]
  },
  "version": 1
}
