// !$*UTF8*$!
{
	archiveVersion = 1;
	classes = {
	};
	objectVersion = 52;
	objects = {

/* Begin PBXBuildFile section */
		26746F0F22ECD94B00A57918 /* Comment.swift in Sources */ = {isa = PBXBuildFile; fileRef = 26746F0E22ECD94B00A57918 /* Comment.swift */; };
		267E3D9B22ECED9C00675AC7 /* Helpers.swift in Sources */ = {isa = PBXBuildFile; fileRef = 267E3D9A22ECED9C00675AC7 /* Helpers.swift */; };
		26B69D1822E51451001AD18F /* Post.swift in Sources */ = {isa = PBXBuildFile; fileRef = 26B69D1722E51451001AD18F /* Post.swift */; };
		26B69D1A22E51E96001AD18F /* Listing.swift in Sources */ = {isa = PBXBuildFile; fileRef = 26B69D1922E51E96001AD18F /* Listing.swift */; };
		26B69D1D22E52B7F001AD18F /* PostView.swift in Sources */ = {isa = PBXBuildFile; fileRef = 26B69D1C22E52B7F001AD18F /* PostView.swift */; };
		26B69D2122E53213001AD18F /* SortBy.swift in Sources */ = {isa = PBXBuildFile; fileRef = 26B69D2022E53213001AD18F /* SortBy.swift */; };
		26BBF27122E66EAD006CC669 /* PostDetailView.swift in Sources */ = {isa = PBXBuildFile; fileRef = 26BBF27022E66EAD006CC669 /* PostDetailView.swift */; };
		26C1D7F522E33FD30057DED1 /* AppDelegate.swift in Sources */ = {isa = PBXBuildFile; fileRef = 26C1D7F422E33FD30057DED1 /* AppDelegate.swift */; };
		26C1D7F722E33FD30057DED1 /* SceneDelegate.swift in Sources */ = {isa = PBXBuildFile; fileRef = 26C1D7F622E33FD30057DED1 /* SceneDelegate.swift */; };
		26C1D7F922E33FD30057DED1 /* ContentView.swift in Sources */ = {isa = PBXBuildFile; fileRef = 26C1D7F822E33FD30057DED1 /* ContentView.swift */; };
		26C1D7FB22E33FD40057DED1 /* Assets.xcassets in Resources */ = {isa = PBXBuildFile; fileRef = 26C1D7FA22E33FD40057DED1 /* Assets.xcassets */; };
		26C1D7FE22E33FD40057DED1 /* Preview Assets.xcassets in Resources */ = {isa = PBXBuildFile; fileRef = 26C1D7FD22E33FD40057DED1 /* Preview Assets.xcassets */; };
		26C1D80122E33FD40057DED1 /* LaunchScreen.storyboard in Resources */ = {isa = PBXBuildFile; fileRef = 26C1D7FF22E33FD40057DED1 /* LaunchScreen.storyboard */; };
		B508E10022F8F6F7002C4C76 /* banner.jpeg in Resources */ = {isa = PBXBuildFile; fileRef = B508E0FF22F8F6F7002C4C76 /* banner.jpeg */; };
		B5145A1F22EFD4E6009237BD /* CommentsView.swift in Sources */ = {isa = PBXBuildFile; fileRef = 26746F0A22ECD4DC00A57918 /* CommentsView.swift */; };
		B5145A2122EFD557009237BD /* MetadataView.swift in Sources */ = {isa = PBXBuildFile; fileRef = B5E60CB522EFD2A000A0075B /* MetadataView.swift */; };
		B5145A2622EFD7CF009237BD /* CommentsView.swift in Sources */ = {isa = PBXBuildFile; fileRef = B5145A2522EFD7CF009237BD /* CommentsView.swift */; };
		B51542D922F2538E000ADC16 /* Json in Frameworks */ = {isa = PBXBuildFile; productRef = B51542D822F2538E000ADC16 /* Json */; };
		B51542DB22F2538E000ADC16 /* Request in Frameworks */ = {isa = PBXBuildFile; productRef = B51542DA22F2538E000ADC16 /* Request */; };
		B51542DC22F253C7000ADC16 /* Post.swift in Sources */ = {isa = PBXBuildFile; fileRef = 26B69D1722E51451001AD18F /* Post.swift */; };
		B51542DD22F253C7000ADC16 /* Listing.swift in Sources */ = {isa = PBXBuildFile; fileRef = 26B69D1922E51E96001AD18F /* Listing.swift */; };
		B51542DE22F253C7000ADC16 /* SortBy.swift in Sources */ = {isa = PBXBuildFile; fileRef = 26B69D2022E53213001AD18F /* SortBy.swift */; };
		B51542DF22F253C7000ADC16 /* Comment.swift in Sources */ = {isa = PBXBuildFile; fileRef = 26746F0E22ECD94B00A57918 /* Comment.swift */; };
		B51542E022F253C7000ADC16 /* Helpers.swift in Sources */ = {isa = PBXBuildFile; fileRef = 267E3D9A22ECED9C00675AC7 /* Helpers.swift */; };
		B51542E122F253C7000ADC16 /* MetadataView.swift in Sources */ = {isa = PBXBuildFile; fileRef = B5E60CB522EFD2A000A0075B /* MetadataView.swift */; };
		B51542E722F25B75000ADC16 /* SpinnerView.swift in Sources */ = {isa = PBXBuildFile; fileRef = B51542E622F25B75000ADC16 /* SpinnerView.swift */; };
		B51542EB22F25C05000ADC16 /* PostView.swift in Sources */ = {isa = PBXBuildFile; fileRef = 26B69D1C22E52B7F001AD18F /* PostView.swift */; };
		B51542EC22F25C0E000ADC16 /* PostDetailView.swift in Sources */ = {isa = PBXBuildFile; fileRef = 26BBF27022E66EAD006CC669 /* PostDetailView.swift */; };
		B51542ED22F25C14000ADC16 /* CommentsView.swift in Sources */ = {isa = PBXBuildFile; fileRef = 26746F0A22ECD4DC00A57918 /* CommentsView.swift */; };
		B51542EF22F25C23000ADC16 /* WebView.swift in Sources */ = {isa = PBXBuildFile; fileRef = B51542EE22F25C23000ADC16 /* WebView.swift */; };
		B51542F122F25C80000ADC16 /* ContentView.swift in Sources */ = {isa = PBXBuildFile; fileRef = B51542F022F25C80000ADC16 /* ContentView.swift */; };
		B533A68922F2533800FD3FB2 /* AppDelegate.swift in Sources */ = {isa = PBXBuildFile; fileRef = B533A68822F2533800FD3FB2 /* AppDelegate.swift */; };
		B533A68D22F2533900FD3FB2 /* Assets.xcassets in Resources */ = {isa = PBXBuildFile; fileRef = B533A68C22F2533900FD3FB2 /* Assets.xcassets */; };
		B533A69022F2533900FD3FB2 /* Preview Assets.xcassets in Resources */ = {isa = PBXBuildFile; fileRef = B533A68F22F2533900FD3FB2 /* Preview Assets.xcassets */; };
		B533A69322F2533900FD3FB2 /* Main.storyboard in Resources */ = {isa = PBXBuildFile; fileRef = B533A69122F2533900FD3FB2 /* Main.storyboard */; };
		B538997122EFB0CD0008A937 /* SpinnerView.swift in Sources */ = {isa = PBXBuildFile; fileRef = B538996F22EFB0CD0008A937 /* SpinnerView.swift */; };
		B538997222EFB0CD0008A937 /* WebView.swift in Sources */ = {isa = PBXBuildFile; fileRef = B538997022EFB0CD0008A937 /* WebView.swift */; };
		B561DE3422F3965E003AB95B /* API.swift in Sources */ = {isa = PBXBuildFile; fileRef = B561DE3322F3965E003AB95B /* API.swift */; };
		B561DE3522F3965E003AB95B /* API.swift in Sources */ = {isa = PBXBuildFile; fileRef = B561DE3322F3965E003AB95B /* API.swift */; };
		B561DE3622F3965E003AB95B /* API.swift in Sources */ = {isa = PBXBuildFile; fileRef = B561DE3322F3965E003AB95B /* API.swift */; };
		B5712B9A22F2604D00DFF152 /* SharedAssets.xcassets in Resources */ = {isa = PBXBuildFile; fileRef = B5712B9922F2604D00DFF152 /* SharedAssets.xcassets */; };
		B5712B9B22F2606000DFF152 /* SharedAssets.xcassets in Resources */ = {isa = PBXBuildFile; fileRef = B5712B9922F2604D00DFF152 /* SharedAssets.xcassets */; };
		B5712B9C22F2606100DFF152 /* SharedAssets.xcassets in Resources */ = {isa = PBXBuildFile; fileRef = B5712B9922F2604D00DFF152 /* SharedAssets.xcassets */; };
		B5712B9D22F2606200DFF152 /* SharedAssets.xcassets in Resources */ = {isa = PBXBuildFile; fileRef = B5712B9922F2604D00DFF152 /* SharedAssets.xcassets */; };
		B5712B9E22F2606200DFF152 /* SharedAssets.xcassets in Resources */ = {isa = PBXBuildFile; fileRef = B5712B9922F2604D00DFF152 /* SharedAssets.xcassets */; };
		B5712BA122F2610200DFF152 /* DetailWindowController.swift in Sources */ = {isa = PBXBuildFile; fileRef = B5712BA022F2610200DFF152 /* DetailWindowController.swift */; };
		B5712BA422F2622500DFF152 /* PostList.swift in Sources */ = {isa = PBXBuildFile; fileRef = B5712BA222F261F100DFF152 /* PostList.swift */; };
		B5712BAE22F2731600DFF152 /* PostList.swift in Sources */ = {isa = PBXBuildFile; fileRef = B5712BAD22F2731600DFF152 /* PostList.swift */; };
		B5712BB022F2807800DFF152 /* ContentViewState.swift in Sources */ = {isa = PBXBuildFile; fileRef = B5712BAF22F2807800DFF152 /* ContentViewState.swift */; };
		B574DF0C22EFB53B00A80981 /* PostView.swift in Sources */ = {isa = PBXBuildFile; fileRef = B574DF0B22EFB53B00A80981 /* PostView.swift */; };
		B57D131A22FD8F3500E7642E /* FlairView.swift in Sources */ = {isa = PBXBuildFile; fileRef = B57D131922FD8F3500E7642E /* FlairView.swift */; };
		B57D131B22FD8F3A00E7642E /* FlairView.swift in Sources */ = {isa = PBXBuildFile; fileRef = B57D131922FD8F3500E7642E /* FlairView.swift */; };
		B57D131C22FD8F3B00E7642E /* FlairView.swift in Sources */ = {isa = PBXBuildFile; fileRef = B57D131922FD8F3500E7642E /* FlairView.swift */; };
		B597CBA022FCC86200389DF6 /* SettingsView.swift in Sources */ = {isa = PBXBuildFile; fileRef = B597CB9F22FCC86200389DF6 /* SettingsView.swift */; };
		B5A7594822EE8EBA001FD4F1 /* Json in Frameworks */ = {isa = PBXBuildFile; productRef = B5A7594722EE8EBA001FD4F1 /* Json */; };
		B5A7594A22EE8EBA001FD4F1 /* Request in Frameworks */ = {isa = PBXBuildFile; productRef = B5A7594922EE8EBA001FD4F1 /* Request */; };
		B5A7595C22EF97D6001FD4F1 /* Reddit-watchOS WatchKit App.app in Embed Watch Content */ = {isa = PBXBuildFile; fileRef = B5A7595B22EF97D6001FD4F1 /* Reddit-watchOS WatchKit App.app */; settings = {ATTRIBUTES = (RemoveHeadersOnCopy, ); }; };
		B5A7596222EF97D6001FD4F1 /* Interface.storyboard in Resources */ = {isa = PBXBuildFile; fileRef = B5A7596022EF97D6001FD4F1 /* Interface.storyboard */; };
		B5A7596422EF97D8001FD4F1 /* Assets.xcassets in Resources */ = {isa = PBXBuildFile; fileRef = B5A7596322EF97D8001FD4F1 /* Assets.xcassets */; };
		B5A7596B22EF97D8001FD4F1 /* Reddit-watchOS WatchKit Extension.appex in Embed App Extensions */ = {isa = PBXBuildFile; fileRef = B5A7596A22EF97D8001FD4F1 /* Reddit-watchOS WatchKit Extension.appex */; settings = {ATTRIBUTES = (RemoveHeadersOnCopy, ); }; };
		B5A7597022EF97D8001FD4F1 /* ContentView.swift in Sources */ = {isa = PBXBuildFile; fileRef = B5A7596F22EF97D8001FD4F1 /* ContentView.swift */; };
		B5A7597222EF97D8001FD4F1 /* HostingController.swift in Sources */ = {isa = PBXBuildFile; fileRef = B5A7597122EF97D8001FD4F1 /* HostingController.swift */; };
		B5A7597422EF97D8001FD4F1 /* ExtensionDelegate.swift in Sources */ = {isa = PBXBuildFile; fileRef = B5A7597322EF97D8001FD4F1 /* ExtensionDelegate.swift */; };
		B5A7597622EF97D8001FD4F1 /* NotificationController.swift in Sources */ = {isa = PBXBuildFile; fileRef = B5A7597522EF97D8001FD4F1 /* NotificationController.swift */; };
		B5A7597822EF97D8001FD4F1 /* NotificationView.swift in Sources */ = {isa = PBXBuildFile; fileRef = B5A7597722EF97D8001FD4F1 /* NotificationView.swift */; };
		B5A7597A22EF97D9001FD4F1 /* Assets.xcassets in Resources */ = {isa = PBXBuildFile; fileRef = B5A7597922EF97D9001FD4F1 /* Assets.xcassets */; };
		B5A7597D22EF97D9001FD4F1 /* Preview Assets.xcassets in Resources */ = {isa = PBXBuildFile; fileRef = B5A7597C22EF97D9001FD4F1 /* Preview Assets.xcassets */; };
		B5A7598B22EFA627001FD4F1 /* Post.swift in Sources */ = {isa = PBXBuildFile; fileRef = 26B69D1722E51451001AD18F /* Post.swift */; };
		B5A7598C22EFA627001FD4F1 /* Listing.swift in Sources */ = {isa = PBXBuildFile; fileRef = 26B69D1922E51E96001AD18F /* Listing.swift */; };
		B5A7598D22EFA627001FD4F1 /* SortBy.swift in Sources */ = {isa = PBXBuildFile; fileRef = 26B69D2022E53213001AD18F /* SortBy.swift */; };
		B5A7598E22EFA627001FD4F1 /* Comment.swift in Sources */ = {isa = PBXBuildFile; fileRef = 26746F0E22ECD94B00A57918 /* Comment.swift */; };
		B5A7598F22EFA627001FD4F1 /* Helpers.swift in Sources */ = {isa = PBXBuildFile; fileRef = 267E3D9A22ECED9C00675AC7 /* Helpers.swift */; };
		B5A7599622EFA696001FD4F1 /* Json in Frameworks */ = {isa = PBXBuildFile; productRef = B5A7599522EFA696001FD4F1 /* Json */; };
		B5A7599822EFA696001FD4F1 /* Request in Frameworks */ = {isa = PBXBuildFile; productRef = B5A7599722EFA696001FD4F1 /* Request */; };
		B5A7599B22EFA797001FD4F1 /* WebView.swift in Sources */ = {isa = PBXBuildFile; fileRef = B5A7599A22EFA797001FD4F1 /* WebView.swift */; };
		B5A7599D22EFAAF0001FD4F1 /* SpinnerView.swift in Sources */ = {isa = PBXBuildFile; fileRef = B5A7599C22EFAAF0001FD4F1 /* SpinnerView.swift */; };
		B5E60CB322EFCC5500A0075B /* PostDetailView.swift in Sources */ = {isa = PBXBuildFile; fileRef = B5E60CB222EFCC5500A0075B /* PostDetailView.swift */; };
		B5E60CB722EFD2FB00A0075B /* MetadataView.swift in Sources */ = {isa = PBXBuildFile; fileRef = B5E60CB522EFD2A000A0075B /* MetadataView.swift */; };
/* End PBXBuildFile section */

/* Begin PBXContainerItemProxy section */
		B5A7595D22EF97D6001FD4F1 /* PBXContainerItemProxy */ = {
			isa = PBXContainerItemProxy;
			containerPortal = 26C1D7E922E33FD30057DED1 /* Project object */;
			proxyType = 1;
			remoteGlobalIDString = B5A7595A22EF97D6001FD4F1;
			remoteInfo = "Reddit-watchOS WatchKit App";
		};
		B5A7596C22EF97D8001FD4F1 /* PBXContainerItemProxy */ = {
			isa = PBXContainerItemProxy;
			containerPortal = 26C1D7E922E33FD30057DED1 /* Project object */;
			proxyType = 1;
			remoteGlobalIDString = B5A7596922EF97D8001FD4F1;
			remoteInfo = "Reddit-watchOS WatchKit Extension";
		};
/* End PBXContainerItemProxy section */

/* Begin PBXCopyFilesBuildPhase section */
		B5A7598322EF97D9001FD4F1 /* Embed App Extensions */ = {
			isa = PBXCopyFilesBuildPhase;
			buildActionMask = 2147483647;
			dstPath = "";
			dstSubfolderSpec = 13;
			files = (
				B5A7596B22EF97D8001FD4F1 /* Reddit-watchOS WatchKit Extension.appex in Embed App Extensions */,
			);
			name = "Embed App Extensions";
			runOnlyForDeploymentPostprocessing = 0;
		};
		B5A7598722EF97D9001FD4F1 /* Embed Watch Content */ = {
			isa = PBXCopyFilesBuildPhase;
			buildActionMask = 2147483647;
			dstPath = "$(CONTENTS_FOLDER_PATH)/Watch";
			dstSubfolderSpec = 16;
			files = (
				B5A7595C22EF97D6001FD4F1 /* Reddit-watchOS WatchKit App.app in Embed Watch Content */,
			);
			name = "Embed Watch Content";
			runOnlyForDeploymentPostprocessing = 0;
		};
/* End PBXCopyFilesBuildPhase section */

/* Begin PBXFileReference section */
		26746F0A22ECD4DC00A57918 /* CommentsView.swift */ = {isa = PBXFileReference; lastKnownFileType = sourcecode.swift; path = CommentsView.swift; sourceTree = "<group>"; };
		26746F0E22ECD94B00A57918 /* Comment.swift */ = {isa = PBXFileReference; lastKnownFileType = sourcecode.swift; path = Comment.swift; sourceTree = "<group>"; };
		267E3D9A22ECED9C00675AC7 /* Helpers.swift */ = {isa = PBXFileReference; lastKnownFileType = sourcecode.swift; path = Helpers.swift; sourceTree = "<group>"; };
		26B69D1722E51451001AD18F /* Post.swift */ = {isa = PBXFileReference; lastKnownFileType = sourcecode.swift; path = Post.swift; sourceTree = "<group>"; };
		26B69D1922E51E96001AD18F /* Listing.swift */ = {isa = PBXFileReference; lastKnownFileType = sourcecode.swift; path = Listing.swift; sourceTree = "<group>"; };
		26B69D1C22E52B7F001AD18F /* PostView.swift */ = {isa = PBXFileReference; lastKnownFileType = sourcecode.swift; path = PostView.swift; sourceTree = "<group>"; };
		26B69D2022E53213001AD18F /* SortBy.swift */ = {isa = PBXFileReference; lastKnownFileType = sourcecode.swift; path = SortBy.swift; sourceTree = "<group>"; };
		26BBF27022E66EAD006CC669 /* PostDetailView.swift */ = {isa = PBXFileReference; lastKnownFileType = sourcecode.swift; path = PostDetailView.swift; sourceTree = "<group>"; };
		26C1D7F122E33FD30057DED1 /* Reddit.app */ = {isa = PBXFileReference; explicitFileType = wrapper.application; includeInIndex = 0; path = Reddit.app; sourceTree = BUILT_PRODUCTS_DIR; };
		26C1D7F422E33FD30057DED1 /* AppDelegate.swift */ = {isa = PBXFileReference; lastKnownFileType = sourcecode.swift; path = AppDelegate.swift; sourceTree = "<group>"; };
		26C1D7F622E33FD30057DED1 /* SceneDelegate.swift */ = {isa = PBXFileReference; lastKnownFileType = sourcecode.swift; path = SceneDelegate.swift; sourceTree = "<group>"; };
		26C1D7F822E33FD30057DED1 /* ContentView.swift */ = {isa = PBXFileReference; lastKnownFileType = sourcecode.swift; path = ContentView.swift; sourceTree = "<group>"; };
		26C1D7FA22E33FD40057DED1 /* Assets.xcassets */ = {isa = PBXFileReference; lastKnownFileType = folder.assetcatalog; path = Assets.xcassets; sourceTree = "<group>"; };
		26C1D7FD22E33FD40057DED1 /* Preview Assets.xcassets */ = {isa = PBXFileReference; lastKnownFileType = folder.assetcatalog; path = "Preview Assets.xcassets"; sourceTree = "<group>"; };
		26C1D80022E33FD40057DED1 /* Base */ = {isa = PBXFileReference; lastKnownFileType = file.storyboard; name = Base; path = Base.lproj/LaunchScreen.storyboard; sourceTree = "<group>"; };
		26C1D80222E33FD40057DED1 /* Info.plist */ = {isa = PBXFileReference; lastKnownFileType = text.plist.xml; path = Info.plist; sourceTree = "<group>"; };
		B508E0FF22F8F6F7002C4C76 /* banner.jpeg */ = {isa = PBXFileReference; lastKnownFileType = image.jpeg; path = banner.jpeg; sourceTree = "<group>"; };
		B508E10322F8FA16002C4C76 /* SpinnerView.swift */ = {isa = PBXFileReference; lastKnownFileType = sourcecode.swift; path = SpinnerView.swift; sourceTree = "<group>"; };
		B508E10422F8FA16002C4C76 /* WebView.swift */ = {isa = PBXFileReference; lastKnownFileType = sourcecode.swift; path = WebView.swift; sourceTree = "<group>"; };
		B5145A2522EFD7CF009237BD /* CommentsView.swift */ = {isa = PBXFileReference; lastKnownFileType = sourcecode.swift; path = CommentsView.swift; sourceTree = "<group>"; };
		B51542E622F25B75000ADC16 /* SpinnerView.swift */ = {isa = PBXFileReference; lastKnownFileType = sourcecode.swift; path = SpinnerView.swift; sourceTree = "<group>"; };
		B51542EE22F25C23000ADC16 /* WebView.swift */ = {isa = PBXFileReference; lastKnownFileType = sourcecode.swift; path = WebView.swift; sourceTree = "<group>"; };
		B51542F022F25C80000ADC16 /* ContentView.swift */ = {isa = PBXFileReference; lastKnownFileType = sourcecode.swift; path = ContentView.swift; sourceTree = "<group>"; };
		B533A68622F2533800FD3FB2 /* Reddit.app */ = {isa = PBXFileReference; explicitFileType = wrapper.application; includeInIndex = 0; path = Reddit.app; sourceTree = BUILT_PRODUCTS_DIR; };
		B533A68822F2533800FD3FB2 /* AppDelegate.swift */ = {isa = PBXFileReference; lastKnownFileType = sourcecode.swift; path = AppDelegate.swift; sourceTree = "<group>"; };
		B533A68C22F2533900FD3FB2 /* Assets.xcassets */ = {isa = PBXFileReference; lastKnownFileType = folder.assetcatalog; path = Assets.xcassets; sourceTree = "<group>"; };
		B533A68F22F2533900FD3FB2 /* Preview Assets.xcassets */ = {isa = PBXFileReference; lastKnownFileType = folder.assetcatalog; path = "Preview Assets.xcassets"; sourceTree = "<group>"; };
		B533A69222F2533900FD3FB2 /* Base */ = {isa = PBXFileReference; lastKnownFileType = file.storyboard; name = Base; path = Base.lproj/Main.storyboard; sourceTree = "<group>"; };
		B533A69422F2533900FD3FB2 /* Info.plist */ = {isa = PBXFileReference; lastKnownFileType = text.plist.xml; path = Info.plist; sourceTree = "<group>"; };
		B533A69522F2533900FD3FB2 /* Reddit_macOS.entitlements */ = {isa = PBXFileReference; lastKnownFileType = text.plist.entitlements; path = Reddit_macOS.entitlements; sourceTree = "<group>"; };
		B538996F22EFB0CD0008A937 /* SpinnerView.swift */ = {isa = PBXFileReference; fileEncoding = 4; lastKnownFileType = sourcecode.swift; path = SpinnerView.swift; sourceTree = "<group>"; };
		B538997022EFB0CD0008A937 /* WebView.swift */ = {isa = PBXFileReference; fileEncoding = 4; lastKnownFileType = sourcecode.swift; path = WebView.swift; sourceTree = "<group>"; };
		B561DE3322F3965E003AB95B /* API.swift */ = {isa = PBXFileReference; lastKnownFileType = sourcecode.swift; path = API.swift; sourceTree = "<group>"; };
		B5712B9922F2604D00DFF152 /* SharedAssets.xcassets */ = {isa = PBXFileReference; lastKnownFileType = folder.assetcatalog; path = SharedAssets.xcassets; sourceTree = "<group>"; };
		B5712BA022F2610200DFF152 /* DetailWindowController.swift */ = {isa = PBXFileReference; lastKnownFileType = sourcecode.swift; path = DetailWindowController.swift; sourceTree = "<group>"; };
		B5712BA222F261F100DFF152 /* PostList.swift */ = {isa = PBXFileReference; lastKnownFileType = sourcecode.swift; path = PostList.swift; sourceTree = "<group>"; };
		B5712BAD22F2731600DFF152 /* PostList.swift */ = {isa = PBXFileReference; lastKnownFileType = sourcecode.swift; path = PostList.swift; sourceTree = "<group>"; };
		B5712BAF22F2807800DFF152 /* ContentViewState.swift */ = {isa = PBXFileReference; lastKnownFileType = sourcecode.swift; path = ContentViewState.swift; sourceTree = "<group>"; };
		B574DF0B22EFB53B00A80981 /* PostView.swift */ = {isa = PBXFileReference; lastKnownFileType = sourcecode.swift; path = PostView.swift; sourceTree = "<group>"; };
		B57D131922FD8F3500E7642E /* FlairView.swift */ = {isa = PBXFileReference; lastKnownFileType = sourcecode.swift; path = FlairView.swift; sourceTree = "<group>"; };
		B597CB9F22FCC86200389DF6 /* SettingsView.swift */ = {isa = PBXFileReference; lastKnownFileType = sourcecode.swift; path = SettingsView.swift; sourceTree = "<group>"; };
		B59DE46B22F8CBD800D8BD1C /* README.md */ = {isa = PBXFileReference; lastKnownFileType = net.daringfireball.markdown; path = README.md; sourceTree = "<group>"; };
		B5A7595822EF97D6001FD4F1 /* Reddit.app */ = {isa = PBXFileReference; explicitFileType = wrapper.application; includeInIndex = 0; path = Reddit.app; sourceTree = BUILT_PRODUCTS_DIR; };
		B5A7595B22EF97D6001FD4F1 /* Reddit-watchOS WatchKit App.app */ = {isa = PBXFileReference; explicitFileType = wrapper.application; includeInIndex = 0; path = "Reddit-watchOS WatchKit App.app"; sourceTree = BUILT_PRODUCTS_DIR; };
		B5A7596122EF97D6001FD4F1 /* Base */ = {isa = PBXFileReference; lastKnownFileType = file.storyboard; name = Base; path = Base.lproj/Interface.storyboard; sourceTree = "<group>"; };
		B5A7596322EF97D8001FD4F1 /* Assets.xcassets */ = {isa = PBXFileReference; lastKnownFileType = folder.assetcatalog; path = Assets.xcassets; sourceTree = "<group>"; };
		B5A7596522EF97D8001FD4F1 /* Info.plist */ = {isa = PBXFileReference; lastKnownFileType = text.plist.xml; path = Info.plist; sourceTree = "<group>"; };
		B5A7596A22EF97D8001FD4F1 /* Reddit-watchOS WatchKit Extension.appex */ = {isa = PBXFileReference; explicitFileType = "wrapper.app-extension"; includeInIndex = 0; path = "Reddit-watchOS WatchKit Extension.appex"; sourceTree = BUILT_PRODUCTS_DIR; };
		B5A7596F22EF97D8001FD4F1 /* ContentView.swift */ = {isa = PBXFileReference; lastKnownFileType = sourcecode.swift; path = ContentView.swift; sourceTree = "<group>"; };
		B5A7597122EF97D8001FD4F1 /* HostingController.swift */ = {isa = PBXFileReference; lastKnownFileType = sourcecode.swift; path = HostingController.swift; sourceTree = "<group>"; };
		B5A7597322EF97D8001FD4F1 /* ExtensionDelegate.swift */ = {isa = PBXFileReference; lastKnownFileType = sourcecode.swift; path = ExtensionDelegate.swift; sourceTree = "<group>"; };
		B5A7597522EF97D8001FD4F1 /* NotificationController.swift */ = {isa = PBXFileReference; lastKnownFileType = sourcecode.swift; path = NotificationController.swift; sourceTree = "<group>"; };
		B5A7597722EF97D8001FD4F1 /* NotificationView.swift */ = {isa = PBXFileReference; lastKnownFileType = sourcecode.swift; path = NotificationView.swift; sourceTree = "<group>"; };
		B5A7597922EF97D9001FD4F1 /* Assets.xcassets */ = {isa = PBXFileReference; lastKnownFileType = folder.assetcatalog; path = Assets.xcassets; sourceTree = "<group>"; };
		B5A7597C22EF97D9001FD4F1 /* Preview Assets.xcassets */ = {isa = PBXFileReference; lastKnownFileType = folder.assetcatalog; path = "Preview Assets.xcassets"; sourceTree = "<group>"; };
		B5A7597E22EF97D9001FD4F1 /* Info.plist */ = {isa = PBXFileReference; lastKnownFileType = text.plist.xml; path = Info.plist; sourceTree = "<group>"; };
		B5A7597F22EF97D9001FD4F1 /* PushNotificationPayload.apns */ = {isa = PBXFileReference; lastKnownFileType = text; path = PushNotificationPayload.apns; sourceTree = "<group>"; };
		B5A7599A22EFA797001FD4F1 /* WebView.swift */ = {isa = PBXFileReference; lastKnownFileType = sourcecode.swift; path = WebView.swift; sourceTree = "<group>"; };
		B5A7599C22EFAAF0001FD4F1 /* SpinnerView.swift */ = {isa = PBXFileReference; lastKnownFileType = sourcecode.swift; path = SpinnerView.swift; sourceTree = "<group>"; };
		B5E60CB222EFCC5500A0075B /* PostDetailView.swift */ = {isa = PBXFileReference; lastKnownFileType = sourcecode.swift; path = PostDetailView.swift; sourceTree = "<group>"; };
		B5E60CB522EFD2A000A0075B /* MetadataView.swift */ = {isa = PBXFileReference; lastKnownFileType = sourcecode.swift; path = MetadataView.swift; sourceTree = "<group>"; };
/* End PBXFileReference section */

/* Begin PBXFrameworksBuildPhase section */
		26C1D7EE22E33FD30057DED1 /* Frameworks */ = {
			isa = PBXFrameworksBuildPhase;
			buildActionMask = 2147483647;
			files = (
				B5A7594A22EE8EBA001FD4F1 /* Request in Frameworks */,
				B5A7594822EE8EBA001FD4F1 /* Json in Frameworks */,
			);
			runOnlyForDeploymentPostprocessing = 0;
		};
		B533A68322F2533800FD3FB2 /* Frameworks */ = {
			isa = PBXFrameworksBuildPhase;
			buildActionMask = 2147483647;
			files = (
				B51542DB22F2538E000ADC16 /* Request in Frameworks */,
				B51542D922F2538E000ADC16 /* Json in Frameworks */,
			);
			runOnlyForDeploymentPostprocessing = 0;
		};
		B5A7596722EF97D8001FD4F1 /* Frameworks */ = {
			isa = PBXFrameworksBuildPhase;
			buildActionMask = 2147483647;
			files = (
				B5A7599822EFA696001FD4F1 /* Request in Frameworks */,
				B5A7599622EFA696001FD4F1 /* Json in Frameworks */,
			);
			runOnlyForDeploymentPostprocessing = 0;
		};
/* End PBXFrameworksBuildPhase section */

/* Begin PBXGroup section */
		26B69D1622E51448001AD18F /* Models */ = {
			isa = PBXGroup;
			children = (
				26B69D1722E51451001AD18F /* Post.swift */,
				26B69D1922E51E96001AD18F /* Listing.swift */,
				26746F0E22ECD94B00A57918 /* Comment.swift */,
				26B69D2022E53213001AD18F /* SortBy.swift */,
			);
			path = Models;
			sourceTree = "<group>";
		};
		26C1D7E822E33FD30057DED1 = {
			isa = PBXGroup;
			children = (
				B59DE46B22F8CBD800D8BD1C /* README.md */,
				B511A2EB22EE8A2D0062B8D4 /* Shared */,
				26C1D7F322E33FD30057DED1 /* Reddit-iOS */,
				B5A7595F22EF97D6001FD4F1 /* Reddit-watchOS WatchKit App */,
				B5A7596E22EF97D8001FD4F1 /* Reddit-watchOS WatchKit Extension */,
				B533A68722F2533800FD3FB2 /* Reddit-macOS */,
				26C1D7F222E33FD30057DED1 /* Products */,
				B511A2FC22EE8C470062B8D4 /* Frameworks */,
				B508E10122F8F6FB002C4C76 /* Resources */,
			);
			sourceTree = "<group>";
		};
		26C1D7F222E33FD30057DED1 /* Products */ = {
			isa = PBXGroup;
			children = (
				26C1D7F122E33FD30057DED1 /* Reddit.app */,
				B5A7595822EF97D6001FD4F1 /* Reddit.app */,
				B5A7595B22EF97D6001FD4F1 /* Reddit-watchOS WatchKit App.app */,
				B5A7596A22EF97D8001FD4F1 /* Reddit-watchOS WatchKit Extension.appex */,
				B533A68622F2533800FD3FB2 /* Reddit.app */,
			);
			name = Products;
			sourceTree = "<group>";
		};
		26C1D7F322E33FD30057DED1 /* Reddit-iOS */ = {
			isa = PBXGroup;
			children = (
				B574DF0922EFB51B00A80981 /* Views */,
				B511A2ED22EE8AA00062B8D4 /* Representable */,
				26C1D7F422E33FD30057DED1 /* AppDelegate.swift */,
				26C1D7F622E33FD30057DED1 /* SceneDelegate.swift */,
				26C1D7F822E33FD30057DED1 /* ContentView.swift */,
				26C1D7FA22E33FD40057DED1 /* Assets.xcassets */,
				26C1D7FF22E33FD40057DED1 /* LaunchScreen.storyboard */,
				26C1D80222E33FD40057DED1 /* Info.plist */,
				26C1D7FC22E33FD40057DED1 /* Preview Content */,
			);
			path = "Reddit-iOS";
			sourceTree = "<group>";
		};
		26C1D7FC22E33FD40057DED1 /* Preview Content */ = {
			isa = PBXGroup;
			children = (
				26C1D7FD22E33FD40057DED1 /* Preview Assets.xcassets */,
			);
			path = "Preview Content";
			sourceTree = "<group>";
		};
		B508E10122F8F6FB002C4C76 /* Resources */ = {
			isa = PBXGroup;
			children = (
				B508E0FF22F8F6F7002C4C76 /* banner.jpeg */,
			);
			path = Resources;
			sourceTree = "<group>";
		};
		B508E10222F8FA11002C4C76 /* Compatibility */ = {
			isa = PBXGroup;
			children = (
				B508E10422F8FA16002C4C76 /* WebView.swift */,
				B508E10322F8FA16002C4C76 /* SpinnerView.swift */,
			);
			path = Compatibility;
			sourceTree = "<group>";
		};
		B511A2EB22EE8A2D0062B8D4 /* Shared */ = {
			isa = PBXGroup;
			children = (
				B561DE3322F3965E003AB95B /* API.swift */,
				B5712BA622F262A300DFF152 /* Helpers */,
				26B69D1622E51448001AD18F /* Models */,
				B511A2EC22EE8A900062B8D4 /* Views */,
				B5712B9922F2604D00DFF152 /* SharedAssets.xcassets */,
			);
			path = Shared;
			sourceTree = "<group>";
		};
		B511A2EC22EE8A900062B8D4 /* Views */ = {
			isa = PBXGroup;
			children = (
				26B69D1C22E52B7F001AD18F /* PostView.swift */,
				26BBF27022E66EAD006CC669 /* PostDetailView.swift */,
				26746F0A22ECD4DC00A57918 /* CommentsView.swift */,
				B5E60CB522EFD2A000A0075B /* MetadataView.swift */,
				B57D131922FD8F3500E7642E /* FlairView.swift */,
			);
			path = Views;
			sourceTree = "<group>";
		};
		B511A2ED22EE8AA00062B8D4 /* Representable */ = {
			isa = PBXGroup;
			children = (
				B538996F22EFB0CD0008A937 /* SpinnerView.swift */,
				B538997022EFB0CD0008A937 /* WebView.swift */,
			);
			path = Representable;
			sourceTree = "<group>";
		};
		B511A2FC22EE8C470062B8D4 /* Frameworks */ = {
			isa = PBXGroup;
			children = (
			);
			name = Frameworks;
			sourceTree = "<group>";
		};
		B51542E522F25B5C000ADC16 /* Representable */ = {
			isa = PBXGroup;
			children = (
				B51542E622F25B75000ADC16 /* SpinnerView.swift */,
				B51542EE22F25C23000ADC16 /* WebView.swift */,
			);
			path = Representable;
			sourceTree = "<group>";
		};
		B51542EA22F25BF4000ADC16 /* Views */ = {
			isa = PBXGroup;
			children = (
				B5712B9F22F260E400DFF152 /* Helpers */,
				B5712BAD22F2731600DFF152 /* PostList.swift */,
			);
			path = Views;
			sourceTree = "<group>";
		};
		B533A68722F2533800FD3FB2 /* Reddit-macOS */ = {
			isa = PBXGroup;
			children = (
				B51542EA22F25BF4000ADC16 /* Views */,
				B51542E522F25B5C000ADC16 /* Representable */,
				B533A68822F2533800FD3FB2 /* AppDelegate.swift */,
				B5712BAF22F2807800DFF152 /* ContentViewState.swift */,
				B51542F022F25C80000ADC16 /* ContentView.swift */,
				B533A68C22F2533900FD3FB2 /* Assets.xcassets */,
				B533A69122F2533900FD3FB2 /* Main.storyboard */,
				B533A69422F2533900FD3FB2 /* Info.plist */,
				B533A69522F2533900FD3FB2 /* Reddit_macOS.entitlements */,
				B533A68E22F2533900FD3FB2 /* Preview Content */,
			);
			path = "Reddit-macOS";
			sourceTree = "<group>";
		};
		B533A68E22F2533900FD3FB2 /* Preview Content */ = {
			isa = PBXGroup;
			children = (
				B533A68F22F2533900FD3FB2 /* Preview Assets.xcassets */,
			);
			path = "Preview Content";
			sourceTree = "<group>";
		};
		B5712B9F22F260E400DFF152 /* Helpers */ = {
			isa = PBXGroup;
			children = (
				B5712BA022F2610200DFF152 /* DetailWindowController.swift */,
			);
			path = Helpers;
			sourceTree = "<group>";
		};
		B5712BA622F262A300DFF152 /* Helpers */ = {
			isa = PBXGroup;
			children = (
				267E3D9A22ECED9C00675AC7 /* Helpers.swift */,
			);
			path = Helpers;
			sourceTree = "<group>";
		};
		B574DF0922EFB51B00A80981 /* Views */ = {
			isa = PBXGroup;
			children = (
				B5712BA222F261F100DFF152 /* PostList.swift */,
			);
			path = Views;
			sourceTree = "<group>";
		};
		B574DF0A22EFB52E00A80981 /* Views */ = {
			isa = PBXGroup;
			children = (
				B508E10222F8FA11002C4C76 /* Compatibility */,
				B574DF0B22EFB53B00A80981 /* PostView.swift */,
				B5E60CB222EFCC5500A0075B /* PostDetailView.swift */,
				B5145A2522EFD7CF009237BD /* CommentsView.swift */,
				B597CB9F22FCC86200389DF6 /* SettingsView.swift */,
			);
			path = Views;
			sourceTree = "<group>";
		};
		B5A7595F22EF97D6001FD4F1 /* Reddit-watchOS WatchKit App */ = {
			isa = PBXGroup;
			children = (
				B5A7596022EF97D6001FD4F1 /* Interface.storyboard */,
				B5A7596322EF97D8001FD4F1 /* Assets.xcassets */,
				B5A7596522EF97D8001FD4F1 /* Info.plist */,
			);
			path = "Reddit-watchOS WatchKit App";
			sourceTree = "<group>";
		};
		B5A7596E22EF97D8001FD4F1 /* Reddit-watchOS WatchKit Extension */ = {
			isa = PBXGroup;
			children = (
				B574DF0A22EFB52E00A80981 /* Views */,
				B5A7599922EFA73B001FD4F1 /* Representable */,
				B5A7596F22EF97D8001FD4F1 /* ContentView.swift */,
				B5A7597122EF97D8001FD4F1 /* HostingController.swift */,
				B5A7597322EF97D8001FD4F1 /* ExtensionDelegate.swift */,
				B5A7597522EF97D8001FD4F1 /* NotificationController.swift */,
				B5A7597722EF97D8001FD4F1 /* NotificationView.swift */,
				B5A7597922EF97D9001FD4F1 /* Assets.xcassets */,
				B5A7597E22EF97D9001FD4F1 /* Info.plist */,
				B5A7597F22EF97D9001FD4F1 /* PushNotificationPayload.apns */,
				B5A7597B22EF97D9001FD4F1 /* Preview Content */,
			);
			path = "Reddit-watchOS WatchKit Extension";
			sourceTree = "<group>";
		};
		B5A7597B22EF97D9001FD4F1 /* Preview Content */ = {
			isa = PBXGroup;
			children = (
				B5A7597C22EF97D9001FD4F1 /* Preview Assets.xcassets */,
			);
			path = "Preview Content";
			sourceTree = "<group>";
		};
		B5A7599922EFA73B001FD4F1 /* Representable */ = {
			isa = PBXGroup;
			children = (
				B5A7599A22EFA797001FD4F1 /* WebView.swift */,
				B5A7599C22EFAAF0001FD4F1 /* SpinnerView.swift */,
			);
			path = Representable;
			sourceTree = "<group>";
		};
/* End PBXGroup section */

/* Begin PBXNativeTarget section */
		26C1D7F022E33FD30057DED1 /* Reddit */ = {
			isa = PBXNativeTarget;
			buildConfigurationList = 26C1D80522E33FD40057DED1 /* Build configuration list for PBXNativeTarget "Reddit" */;
			buildPhases = (
				26C1D7ED22E33FD30057DED1 /* Sources */,
				26C1D7EE22E33FD30057DED1 /* Frameworks */,
				26C1D7EF22E33FD30057DED1 /* Resources */,
			);
			buildRules = (
			);
			dependencies = (
			);
			name = Reddit;
			packageProductDependencies = (
				B5A7594722EE8EBA001FD4F1 /* Json */,
				B5A7594922EE8EBA001FD4F1 /* Request */,
			);
			productName = Reddit;
			productReference = 26C1D7F122E33FD30057DED1 /* Reddit.app */;
			productType = "com.apple.product-type.application";
		};
		B533A68522F2533800FD3FB2 /* Reddit-macOS */ = {
			isa = PBXNativeTarget;
			buildConfigurationList = B533A69622F2533900FD3FB2 /* Build configuration list for PBXNativeTarget "Reddit-macOS" */;
			buildPhases = (
				B533A68222F2533800FD3FB2 /* Sources */,
				B533A68322F2533800FD3FB2 /* Frameworks */,
				B533A68422F2533800FD3FB2 /* Resources */,
			);
			buildRules = (
			);
			dependencies = (
			);
			name = "Reddit-macOS";
			packageProductDependencies = (
				B51542D822F2538E000ADC16 /* Json */,
				B51542DA22F2538E000ADC16 /* Request */,
			);
			productName = "Reddit-macOS";
			productReference = B533A68622F2533800FD3FB2 /* Reddit.app */;
			productType = "com.apple.product-type.application";
		};
		B5A7595722EF97D6001FD4F1 /* Reddit-watchOS */ = {
			isa = PBXNativeTarget;
			buildConfigurationList = B5A7598822EF97D9001FD4F1 /* Build configuration list for PBXNativeTarget "Reddit-watchOS" */;
			buildPhases = (
				B5A7595622EF97D6001FD4F1 /* Resources */,
				B5A7598722EF97D9001FD4F1 /* Embed Watch Content */,
			);
			buildRules = (
			);
			dependencies = (
				B5A7595E22EF97D6001FD4F1 /* PBXTargetDependency */,
			);
			name = "Reddit-watchOS";
			productName = "Reddit-watchOS";
			productReference = B5A7595822EF97D6001FD4F1 /* Reddit.app */;
			productType = "com.apple.product-type.application.watchapp2-container";
		};
		B5A7595A22EF97D6001FD4F1 /* Reddit-watchOS WatchKit App */ = {
			isa = PBXNativeTarget;
			buildConfigurationList = B5A7598422EF97D9001FD4F1 /* Build configuration list for PBXNativeTarget "Reddit-watchOS WatchKit App" */;
			buildPhases = (
				B5A7595922EF97D6001FD4F1 /* Resources */,
				B5A7598322EF97D9001FD4F1 /* Embed App Extensions */,
			);
			buildRules = (
			);
			dependencies = (
				B5A7596D22EF97D8001FD4F1 /* PBXTargetDependency */,
			);
			name = "Reddit-watchOS WatchKit App";
			productName = "Reddit-watchOS WatchKit App";
			productReference = B5A7595B22EF97D6001FD4F1 /* Reddit-watchOS WatchKit App.app */;
			productType = "com.apple.product-type.application.watchapp2";
		};
		B5A7596922EF97D8001FD4F1 /* Reddit-watchOS WatchKit Extension */ = {
			isa = PBXNativeTarget;
			buildConfigurationList = B5A7598022EF97D9001FD4F1 /* Build configuration list for PBXNativeTarget "Reddit-watchOS WatchKit Extension" */;
			buildPhases = (
				B5A7596622EF97D8001FD4F1 /* Sources */,
				B5A7596722EF97D8001FD4F1 /* Frameworks */,
				B5A7596822EF97D8001FD4F1 /* Resources */,
			);
			buildRules = (
			);
			dependencies = (
			);
			name = "Reddit-watchOS WatchKit Extension";
			packageProductDependencies = (
				B5A7599522EFA696001FD4F1 /* Json */,
				B5A7599722EFA696001FD4F1 /* Request */,
			);
			productName = "Reddit-watchOS WatchKit Extension";
			productReference = B5A7596A22EF97D8001FD4F1 /* Reddit-watchOS WatchKit Extension.appex */;
			productType = "com.apple.product-type.watchkit2-extension";
		};
/* End PBXNativeTarget section */

/* Begin PBXProject section */
		26C1D7E922E33FD30057DED1 /* Project object */ = {
			isa = PBXProject;
			attributes = {
				LastSwiftUpdateCheck = 1100;
				LastUpgradeCheck = 1100;
				ORGANIZATIONNAME = "Carson Katri";
				TargetAttributes = {
					26C1D7F022E33FD30057DED1 = {
						CreatedOnToolsVersion = 11.0;
					};
					B533A68522F2533800FD3FB2 = {
						CreatedOnToolsVersion = 11.0;
					};
					B5A7595722EF97D6001FD4F1 = {
						CreatedOnToolsVersion = 11.0;
					};
					B5A7595A22EF97D6001FD4F1 = {
						CreatedOnToolsVersion = 11.0;
					};
					B5A7596922EF97D8001FD4F1 = {
						CreatedOnToolsVersion = 11.0;
					};
				};
			};
			buildConfigurationList = 26C1D7EC22E33FD30057DED1 /* Build configuration list for PBXProject "Reddit" */;
			compatibilityVersion = "Xcode 9.3";
			developmentRegion = en;
			hasScannedForEncodings = 0;
			knownRegions = (
				en,
				Base,
			);
			mainGroup = 26C1D7E822E33FD30057DED1;
			packageReferences = (
				B5A7594622EE8EBA001FD4F1 /* XCRemoteSwiftPackageReference "swift-request" */,
			);
			productRefGroup = 26C1D7F222E33FD30057DED1 /* Products */;
			projectDirPath = "";
			projectRoot = "";
			targets = (
				26C1D7F022E33FD30057DED1 /* Reddit */,
				B5A7595722EF97D6001FD4F1 /* Reddit-watchOS */,
				B5A7595A22EF97D6001FD4F1 /* Reddit-watchOS WatchKit App */,
				B5A7596922EF97D8001FD4F1 /* Reddit-watchOS WatchKit Extension */,
				B533A68522F2533800FD3FB2 /* Reddit-macOS */,
			);
		};
/* End PBXProject section */

/* Begin PBXResourcesBuildPhase section */
		26C1D7EF22E33FD30057DED1 /* Resources */ = {
			isa = PBXResourcesBuildPhase;
			buildActionMask = 2147483647;
			files = (
				26C1D80122E33FD40057DED1 /* LaunchScreen.storyboard in Resources */,
				26C1D7FE22E33FD40057DED1 /* Preview Assets.xcassets in Resources */,
				B508E10022F8F6F7002C4C76 /* banner.jpeg in Resources */,
				26C1D7FB22E33FD40057DED1 /* Assets.xcassets in Resources */,
				B5712B9A22F2604D00DFF152 /* SharedAssets.xcassets in Resources */,
			);
			runOnlyForDeploymentPostprocessing = 0;
		};
		B533A68422F2533800FD3FB2 /* Resources */ = {
			isa = PBXResourcesBuildPhase;
			buildActionMask = 2147483647;
			files = (
				B533A69322F2533900FD3FB2 /* Main.storyboard in Resources */,
				B533A69022F2533900FD3FB2 /* Preview Assets.xcassets in Resources */,
				B533A68D22F2533900FD3FB2 /* Assets.xcassets in Resources */,
				B5712B9B22F2606000DFF152 /* SharedAssets.xcassets in Resources */,
			);
			runOnlyForDeploymentPostprocessing = 0;
		};
		B5A7595622EF97D6001FD4F1 /* Resources */ = {
			isa = PBXResourcesBuildPhase;
			buildActionMask = 2147483647;
			files = (
				B5712B9E22F2606200DFF152 /* SharedAssets.xcassets in Resources */,
			);
			runOnlyForDeploymentPostprocessing = 0;
		};
		B5A7595922EF97D6001FD4F1 /* Resources */ = {
			isa = PBXResourcesBuildPhase;
			buildActionMask = 2147483647;
			files = (
				B5712B9D22F2606200DFF152 /* SharedAssets.xcassets in Resources */,
				B5A7596422EF97D8001FD4F1 /* Assets.xcassets in Resources */,
				B5A7596222EF97D6001FD4F1 /* Interface.storyboard in Resources */,
			);
			runOnlyForDeploymentPostprocessing = 0;
		};
		B5A7596822EF97D8001FD4F1 /* Resources */ = {
			isa = PBXResourcesBuildPhase;
			buildActionMask = 2147483647;
			files = (
				B5712B9C22F2606100DFF152 /* SharedAssets.xcassets in Resources */,
				B5A7597D22EF97D9001FD4F1 /* Preview Assets.xcassets in Resources */,
				B5A7597A22EF97D9001FD4F1 /* Assets.xcassets in Resources */,
			);
			runOnlyForDeploymentPostprocessing = 0;
		};
/* End PBXResourcesBuildPhase section */

/* Begin PBXSourcesBuildPhase section */
		26C1D7ED22E33FD30057DED1 /* Sources */ = {
			isa = PBXSourcesBuildPhase;
			buildActionMask = 2147483647;
			files = (
				B57D131A22FD8F3500E7642E /* FlairView.swift in Sources */,
				26BBF27122E66EAD006CC669 /* PostDetailView.swift in Sources */,
				B5712BA422F2622500DFF152 /* PostList.swift in Sources */,
				26C1D7F522E33FD30057DED1 /* AppDelegate.swift in Sources */,
				26C1D7F722E33FD30057DED1 /* SceneDelegate.swift in Sources */,
				26B69D2122E53213001AD18F /* SortBy.swift in Sources */,
				26B69D1A22E51E96001AD18F /* Listing.swift in Sources */,
				26C1D7F922E33FD30057DED1 /* ContentView.swift in Sources */,
				B5145A1F22EFD4E6009237BD /* CommentsView.swift in Sources */,
				B538997222EFB0CD0008A937 /* WebView.swift in Sources */,
				B5E60CB722EFD2FB00A0075B /* MetadataView.swift in Sources */,
				B538997122EFB0CD0008A937 /* SpinnerView.swift in Sources */,
				26746F0F22ECD94B00A57918 /* Comment.swift in Sources */,
				26B69D1D22E52B7F001AD18F /* PostView.swift in Sources */,
				26B69D1822E51451001AD18F /* Post.swift in Sources */,
				B561DE3422F3965E003AB95B /* API.swift in Sources */,
				267E3D9B22ECED9C00675AC7 /* Helpers.swift in Sources */,
			);
			runOnlyForDeploymentPostprocessing = 0;
		};
		B533A68222F2533800FD3FB2 /* Sources */ = {
			isa = PBXSourcesBuildPhase;
			buildActionMask = 2147483647;
			files = (
				B51542DE22F253C7000ADC16 /* SortBy.swift in Sources */,
				B5712BAE22F2731600DFF152 /* PostList.swift in Sources */,
				B51542E122F253C7000ADC16 /* MetadataView.swift in Sources */,
				B51542F122F25C80000ADC16 /* ContentView.swift in Sources */,
				B51542EC22F25C0E000ADC16 /* PostDetailView.swift in Sources */,
				B51542E022F253C7000ADC16 /* Helpers.swift in Sources */,
				B5712BA122F2610200DFF152 /* DetailWindowController.swift in Sources */,
				B51542DF22F253C7000ADC16 /* Comment.swift in Sources */,
				B5712BB022F2807800DFF152 /* ContentViewState.swift in Sources */,
				B51542DC22F253C7000ADC16 /* Post.swift in Sources */,
				B51542E722F25B75000ADC16 /* SpinnerView.swift in Sources */,
				B51542DD22F253C7000ADC16 /* Listing.swift in Sources */,
				B533A68922F2533800FD3FB2 /* AppDelegate.swift in Sources */,
				B51542ED22F25C14000ADC16 /* CommentsView.swift in Sources */,
				B51542EB22F25C05000ADC16 /* PostView.swift in Sources */,
				B561DE3622F3965E003AB95B /* API.swift in Sources */,
				B51542EF22F25C23000ADC16 /* WebView.swift in Sources */,
				B57D131C22FD8F3B00E7642E /* FlairView.swift in Sources */,
			);
			runOnlyForDeploymentPostprocessing = 0;
		};
		B5A7596622EF97D8001FD4F1 /* Sources */ = {
			isa = PBXSourcesBuildPhase;
			buildActionMask = 2147483647;
			files = (
				B57D131B22FD8F3A00E7642E /* FlairView.swift in Sources */,
				B5A7597222EF97D8001FD4F1 /* HostingController.swift in Sources */,
				B5A7599D22EFAAF0001FD4F1 /* SpinnerView.swift in Sources */,
				B5145A2622EFD7CF009237BD /* CommentsView.swift in Sources */,
				B597CBA022FCC86200389DF6 /* SettingsView.swift in Sources */,
				B5A7598C22EFA627001FD4F1 /* Listing.swift in Sources */,
				B5A7598D22EFA627001FD4F1 /* SortBy.swift in Sources */,
				B5A7598F22EFA627001FD4F1 /* Helpers.swift in Sources */,
				B5A7597022EF97D8001FD4F1 /* ContentView.swift in Sources */,
				B5A7597622EF97D8001FD4F1 /* NotificationController.swift in Sources */,
				B5A7598B22EFA627001FD4F1 /* Post.swift in Sources */,
				B5A7597422EF97D8001FD4F1 /* ExtensionDelegate.swift in Sources */,
				B5145A2122EFD557009237BD /* MetadataView.swift in Sources */,
				B5A7598E22EFA627001FD4F1 /* Comment.swift in Sources */,
				B5A7597822EF97D8001FD4F1 /* NotificationView.swift in Sources */,
				B5E60CB322EFCC5500A0075B /* PostDetailView.swift in Sources */,
				B574DF0C22EFB53B00A80981 /* PostView.swift in Sources */,
				B561DE3522F3965E003AB95B /* API.swift in Sources */,
				B5A7599B22EFA797001FD4F1 /* WebView.swift in Sources */,
			);
			runOnlyForDeploymentPostprocessing = 0;
		};
/* End PBXSourcesBuildPhase section */

/* Begin PBXTargetDependency section */
		B5A7595E22EF97D6001FD4F1 /* PBXTargetDependency */ = {
			isa = PBXTargetDependency;
			target = B5A7595A22EF97D6001FD4F1 /* Reddit-watchOS WatchKit App */;
			targetProxy = B5A7595D22EF97D6001FD4F1 /* PBXContainerItemProxy */;
		};
		B5A7596D22EF97D8001FD4F1 /* PBXTargetDependency */ = {
			isa = PBXTargetDependency;
			target = B5A7596922EF97D8001FD4F1 /* Reddit-watchOS WatchKit Extension */;
			targetProxy = B5A7596C22EF97D8001FD4F1 /* PBXContainerItemProxy */;
		};
/* End PBXTargetDependency section */

/* Begin PBXVariantGroup section */
		26C1D7FF22E33FD40057DED1 /* LaunchScreen.storyboard */ = {
			isa = PBXVariantGroup;
			children = (
				26C1D80022E33FD40057DED1 /* Base */,
			);
			name = LaunchScreen.storyboard;
			sourceTree = "<group>";
		};
		B533A69122F2533900FD3FB2 /* Main.storyboard */ = {
			isa = PBXVariantGroup;
			children = (
				B533A69222F2533900FD3FB2 /* Base */,
			);
			name = Main.storyboard;
			sourceTree = "<group>";
		};
		B5A7596022EF97D6001FD4F1 /* Interface.storyboard */ = {
			isa = PBXVariantGroup;
			children = (
				B5A7596122EF97D6001FD4F1 /* Base */,
			);
			name = Interface.storyboard;
			sourceTree = "<group>";
		};
/* End PBXVariantGroup section */

/* Begin XCBuildConfiguration section */
		26C1D80322E33FD40057DED1 /* Debug */ = {
			isa = XCBuildConfiguration;
			buildSettings = {
				ALWAYS_SEARCH_USER_PATHS = NO;
				CLANG_ANALYZER_NONNULL = YES;
				CLANG_ANALYZER_NUMBER_OBJECT_CONVERSION = YES_AGGRESSIVE;
				CLANG_CXX_LANGUAGE_STANDARD = "gnu++14";
				CLANG_CXX_LIBRARY = "libc++";
				CLANG_ENABLE_MODULES = YES;
				CLANG_ENABLE_OBJC_ARC = YES;
				CLANG_ENABLE_OBJC_WEAK = YES;
				CLANG_WARN_BLOCK_CAPTURE_AUTORELEASING = YES;
				CLANG_WARN_BOOL_CONVERSION = YES;
				CLANG_WARN_COMMA = YES;
				CLANG_WARN_CONSTANT_CONVERSION = YES;
				CLANG_WARN_DEPRECATED_OBJC_IMPLEMENTATIONS = YES;
				CLANG_WARN_DIRECT_OBJC_ISA_USAGE = YES_ERROR;
				CLANG_WARN_DOCUMENTATION_COMMENTS = YES;
				CLANG_WARN_EMPTY_BODY = YES;
				CLANG_WARN_ENUM_CONVERSION = YES;
				CLANG_WARN_INFINITE_RECURSION = YES;
				CLANG_WARN_INT_CONVERSION = YES;
				CLANG_WARN_NON_LITERAL_NULL_CONVERSION = YES;
				CLANG_WARN_OBJC_IMPLICIT_RETAIN_SELF = YES;
				CLANG_WARN_OBJC_LITERAL_CONVERSION = YES;
				CLANG_WARN_OBJC_ROOT_CLASS = YES_ERROR;
				CLANG_WARN_RANGE_LOOP_ANALYSIS = YES;
				CLANG_WARN_STRICT_PROTOTYPES = YES;
				CLANG_WARN_SUSPICIOUS_MOVE = YES;
				CLANG_WARN_UNGUARDED_AVAILABILITY = YES_AGGRESSIVE;
				CLANG_WARN_UNREACHABLE_CODE = YES;
				CLANG_WARN__DUPLICATE_METHOD_MATCH = YES;
				COPY_PHASE_STRIP = NO;
				DEBUG_INFORMATION_FORMAT = dwarf;
				ENABLE_STRICT_OBJC_MSGSEND = YES;
				ENABLE_TESTABILITY = YES;
				GCC_C_LANGUAGE_STANDARD = gnu11;
				GCC_DYNAMIC_NO_PIC = NO;
				GCC_NO_COMMON_BLOCKS = YES;
				GCC_OPTIMIZATION_LEVEL = 0;
				GCC_PREPROCESSOR_DEFINITIONS = (
					"DEBUG=1",
					"$(inherited)",
				);
				GCC_WARN_64_TO_32_BIT_CONVERSION = YES;
				GCC_WARN_ABOUT_RETURN_TYPE = YES_ERROR;
				GCC_WARN_UNDECLARED_SELECTOR = YES;
				GCC_WARN_UNINITIALIZED_AUTOS = YES_AGGRESSIVE;
				GCC_WARN_UNUSED_FUNCTION = YES;
				GCC_WARN_UNUSED_VARIABLE = YES;
				IPHONEOS_DEPLOYMENT_TARGET = 13.0;
				MTL_ENABLE_DEBUG_INFO = INCLUDE_SOURCE;
				MTL_FAST_MATH = YES;
				ONLY_ACTIVE_ARCH = YES;
				SDKROOT = iphoneos;
				SWIFT_ACTIVE_COMPILATION_CONDITIONS = DEBUG;
				SWIFT_OPTIMIZATION_LEVEL = "-Onone";
			};
			name = Debug;
		};
		26C1D80422E33FD40057DED1 /* Release */ = {
			isa = XCBuildConfiguration;
			buildSettings = {
				ALWAYS_SEARCH_USER_PATHS = NO;
				CLANG_ANALYZER_NONNULL = YES;
				CLANG_ANALYZER_NUMBER_OBJECT_CONVERSION = YES_AGGRESSIVE;
				CLANG_CXX_LANGUAGE_STANDARD = "gnu++14";
				CLANG_CXX_LIBRARY = "libc++";
				CLANG_ENABLE_MODULES = YES;
				CLANG_ENABLE_OBJC_ARC = YES;
				CLANG_ENABLE_OBJC_WEAK = YES;
				CLANG_WARN_BLOCK_CAPTURE_AUTORELEASING = YES;
				CLANG_WARN_BOOL_CONVERSION = YES;
				CLANG_WARN_COMMA = YES;
				CLANG_WARN_CONSTANT_CONVERSION = YES;
				CLANG_WARN_DEPRECATED_OBJC_IMPLEMENTATIONS = YES;
				CLANG_WARN_DIRECT_OBJC_ISA_USAGE = YES_ERROR;
				CLANG_WARN_DOCUMENTATION_COMMENTS = YES;
				CLANG_WARN_EMPTY_BODY = YES;
				CLANG_WARN_ENUM_CONVERSION = YES;
				CLANG_WARN_INFINITE_RECURSION = YES;
				CLANG_WARN_INT_CONVERSION = YES;
				CLANG_WARN_NON_LITERAL_NULL_CONVERSION = YES;
				CLANG_WARN_OBJC_IMPLICIT_RETAIN_SELF = YES;
				CLANG_WARN_OBJC_LITERAL_CONVERSION = YES;
				CLANG_WARN_OBJC_ROOT_CLASS = YES_ERROR;
				CLANG_WARN_RANGE_LOOP_ANALYSIS = YES;
				CLANG_WARN_STRICT_PROTOTYPES = YES;
				CLANG_WARN_SUSPICIOUS_MOVE = YES;
				CLANG_WARN_UNGUARDED_AVAILABILITY = YES_AGGRESSIVE;
				CLANG_WARN_UNREACHABLE_CODE = YES;
				CLANG_WARN__DUPLICATE_METHOD_MATCH = YES;
				COPY_PHASE_STRIP = NO;
				DEBUG_INFORMATION_FORMAT = "dwarf-with-dsym";
				ENABLE_NS_ASSERTIONS = NO;
				ENABLE_STRICT_OBJC_MSGSEND = YES;
				GCC_C_LANGUAGE_STANDARD = gnu11;
				GCC_NO_COMMON_BLOCKS = YES;
				GCC_WARN_64_TO_32_BIT_CONVERSION = YES;
				GCC_WARN_ABOUT_RETURN_TYPE = YES_ERROR;
				GCC_WARN_UNDECLARED_SELECTOR = YES;
				GCC_WARN_UNINITIALIZED_AUTOS = YES_AGGRESSIVE;
				GCC_WARN_UNUSED_FUNCTION = YES;
				GCC_WARN_UNUSED_VARIABLE = YES;
				IPHONEOS_DEPLOYMENT_TARGET = 13.0;
				MTL_ENABLE_DEBUG_INFO = NO;
				MTL_FAST_MATH = YES;
				SDKROOT = iphoneos;
				SWIFT_COMPILATION_MODE = wholemodule;
				SWIFT_OPTIMIZATION_LEVEL = "-O";
				VALIDATE_PRODUCT = YES;
			};
			name = Release;
		};
		26C1D80622E33FD40057DED1 /* Debug */ = {
			isa = XCBuildConfiguration;
			buildSettings = {
				ASSETCATALOG_COMPILER_APPICON_NAME = AppIcon;
				CODE_SIGN_ENTITLEMENTS = "Reddit-iOS/Reddit.entitlements";
				CODE_SIGN_IDENTITY = "Apple Development";
				"CODE_SIGN_IDENTITY[sdk=macosx*]" = "Apple Development";
				CODE_SIGN_STYLE = Automatic;
				DEVELOPMENT_ASSET_PATHS = "Reddit-iOS/Preview\\ Content";
				DEVELOPMENT_TEAM = FH9CW55WY5;
				ENABLE_PREVIEWS = YES;
				INFOPLIST_FILE = "Reddit-iOS/Info.plist";
				LD_RUNPATH_SEARCH_PATHS = (
					"$(inherited)",
					"@executable_path/Frameworks",
				);
				PRODUCT_BUNDLE_IDENTIFIER = com.carsonkatri.Reddit;
				PRODUCT_NAME = "$(TARGET_NAME)";
				PROVISIONING_PROFILE_SPECIFIER = "";
				SUPPORTS_MACCATALYST = NO;
				SWIFT_VERSION = 5.0;
				TARGETED_DEVICE_FAMILY = "1,2";
			};
			name = Debug;
		};
		26C1D80722E33FD40057DED1 /* Release */ = {
			isa = XCBuildConfiguration;
			buildSettings = {
				ASSETCATALOG_COMPILER_APPICON_NAME = AppIcon;
				CODE_SIGN_ENTITLEMENTS = "Reddit-iOS/Reddit.entitlements";
				CODE_SIGN_IDENTITY = "Apple Development";
				"CODE_SIGN_IDENTITY[sdk=macosx*]" = "Apple Development";
				CODE_SIGN_STYLE = Automatic;
				DEVELOPMENT_ASSET_PATHS = "Reddit-iOS/Preview\\ Content";
				DEVELOPMENT_TEAM = FH9CW55WY5;
				ENABLE_PREVIEWS = YES;
				INFOPLIST_FILE = "Reddit-iOS/Info.plist";
				LD_RUNPATH_SEARCH_PATHS = (
					"$(inherited)",
					"@executable_path/Frameworks",
				);
				PRODUCT_BUNDLE_IDENTIFIER = com.carsonkatri.Reddit;
				PRODUCT_NAME = "$(TARGET_NAME)";
				PROVISIONING_PROFILE_SPECIFIER = "";
				SUPPORTS_MACCATALYST = NO;
				SWIFT_VERSION = 5.0;
				TARGETED_DEVICE_FAMILY = "1,2";
			};
			name = Release;
		};
		B533A69722F2533900FD3FB2 /* Debug */ = {
			isa = XCBuildConfiguration;
			buildSettings = {
				ASSETCATALOG_COMPILER_APPICON_NAME = AppIcon;
				CODE_SIGN_ENTITLEMENTS = "Reddit-macOS/Reddit_macOS.entitlements";
				CODE_SIGN_IDENTITY = "Apple Development";
				CODE_SIGN_STYLE = Automatic;
				COMBINE_HIDPI_IMAGES = YES;
				DEVELOPMENT_ASSET_PATHS = "Reddit-macOS/Preview\\ Content";
				DEVELOPMENT_TEAM = FH9CW55WY5;
				ENABLE_HARDENED_RUNTIME = YES;
				ENABLE_PREVIEWS = YES;
				INFOPLIST_FILE = "Reddit-macOS/Info.plist";
				LD_RUNPATH_SEARCH_PATHS = (
					"$(inherited)",
					"@executable_path/../Frameworks",
				);
				MACOSX_DEPLOYMENT_TARGET = 10.15;
				PRODUCT_BUNDLE_IDENTIFIER = "com.carsonkatri.Reddit-macOS";
				PRODUCT_NAME = Reddit;
				SDKROOT = macosx;
				SWIFT_VERSION = 5.0;
			};
			name = Debug;
		};
		B533A69822F2533900FD3FB2 /* Release */ = {
			isa = XCBuildConfiguration;
			buildSettings = {
				ASSETCATALOG_COMPILER_APPICON_NAME = AppIcon;
				CODE_SIGN_ENTITLEMENTS = "Reddit-macOS/Reddit_macOS.entitlements";
				CODE_SIGN_IDENTITY = "Apple Development";
				CODE_SIGN_STYLE = Automatic;
				COMBINE_HIDPI_IMAGES = YES;
				DEVELOPMENT_ASSET_PATHS = "Reddit-macOS/Preview\\ Content";
				DEVELOPMENT_TEAM = FH9CW55WY5;
				ENABLE_HARDENED_RUNTIME = YES;
				ENABLE_PREVIEWS = YES;
				INFOPLIST_FILE = "Reddit-macOS/Info.plist";
				LD_RUNPATH_SEARCH_PATHS = (
					"$(inherited)",
					"@executable_path/../Frameworks",
				);
				MACOSX_DEPLOYMENT_TARGET = 10.15;
				PRODUCT_BUNDLE_IDENTIFIER = "com.carsonkatri.Reddit-macOS";
				PRODUCT_NAME = Reddit;
				SDKROOT = macosx;
				SWIFT_VERSION = 5.0;
			};
			name = Release;
		};
		B5A7598122EF97D9001FD4F1 /* Debug */ = {
			isa = XCBuildConfiguration;
			buildSettings = {
				ASSETCATALOG_COMPILER_COMPLICATION_NAME = Complication;
				CODE_SIGN_STYLE = Automatic;
				DEVELOPMENT_ASSET_PATHS = "\"Reddit-watchOS WatchKit Extension\"/Preview\\ Content";
				DEVELOPMENT_TEAM = FH9CW55WY5;
				ENABLE_PREVIEWS = YES;
				INFOPLIST_FILE = "Reddit-watchOS WatchKit Extension/Info.plist";
				LD_RUNPATH_SEARCH_PATHS = (
					"$(inherited)",
					"@executable_path/Frameworks",
					"@executable_path/../../Frameworks",
				);
				PRODUCT_BUNDLE_IDENTIFIER = "com.carsonkatri.Reddit-watchOS.watchkitapp.watchkitextension";
				PRODUCT_NAME = "${TARGET_NAME}";
				SDKROOT = watchos;
				SKIP_INSTALL = YES;
				SWIFT_VERSION = 5.0;
				TARGETED_DEVICE_FAMILY = 4;
				WATCHOS_DEPLOYMENT_TARGET = 6.0;
			};
			name = Debug;
		};
		B5A7598222EF97D9001FD4F1 /* Release */ = {
			isa = XCBuildConfiguration;
			buildSettings = {
				ASSETCATALOG_COMPILER_COMPLICATION_NAME = Complication;
				CODE_SIGN_STYLE = Automatic;
				DEVELOPMENT_ASSET_PATHS = "\"Reddit-watchOS WatchKit Extension\"/Preview\\ Content";
				DEVELOPMENT_TEAM = FH9CW55WY5;
				ENABLE_PREVIEWS = YES;
				INFOPLIST_FILE = "Reddit-watchOS WatchKit Extension/Info.plist";
				LD_RUNPATH_SEARCH_PATHS = (
					"$(inherited)",
					"@executable_path/Frameworks",
					"@executable_path/../../Frameworks",
				);
				PRODUCT_BUNDLE_IDENTIFIER = "com.carsonkatri.Reddit-watchOS.watchkitapp.watchkitextension";
				PRODUCT_NAME = "${TARGET_NAME}";
				SDKROOT = watchos;
				SKIP_INSTALL = YES;
				SWIFT_VERSION = 5.0;
				TARGETED_DEVICE_FAMILY = 4;
				WATCHOS_DEPLOYMENT_TARGET = 6.0;
			};
			name = Release;
		};
		B5A7598522EF97D9001FD4F1 /* Debug */ = {
			isa = XCBuildConfiguration;
			buildSettings = {
				ALWAYS_EMBED_SWIFT_STANDARD_LIBRARIES = YES;
				ASSETCATALOG_COMPILER_APPICON_NAME = AppIcon;
				CODE_SIGN_STYLE = Automatic;
				DEVELOPMENT_TEAM = FH9CW55WY5;
				IBSC_MODULE = Reddit_watchOS_WatchKit_Extension;
				INFOPLIST_FILE = "Reddit-watchOS WatchKit App/Info.plist";
				PRODUCT_BUNDLE_IDENTIFIER = "com.carsonkatri.Reddit-watchOS.watchkitapp";
				PRODUCT_NAME = "$(TARGET_NAME)";
				SDKROOT = watchos;
				SKIP_INSTALL = YES;
				SWIFT_VERSION = 5.0;
				TARGETED_DEVICE_FAMILY = 4;
				WATCHOS_DEPLOYMENT_TARGET = 6.0;
			};
			name = Debug;
		};
		B5A7598622EF97D9001FD4F1 /* Release */ = {
			isa = XCBuildConfiguration;
			buildSettings = {
				ALWAYS_EMBED_SWIFT_STANDARD_LIBRARIES = YES;
				ASSETCATALOG_COMPILER_APPICON_NAME = AppIcon;
				CODE_SIGN_STYLE = Automatic;
				DEVELOPMENT_TEAM = FH9CW55WY5;
				IBSC_MODULE = Reddit_watchOS_WatchKit_Extension;
				INFOPLIST_FILE = "Reddit-watchOS WatchKit App/Info.plist";
				PRODUCT_BUNDLE_IDENTIFIER = "com.carsonkatri.Reddit-watchOS.watchkitapp";
				PRODUCT_NAME = "$(TARGET_NAME)";
				SDKROOT = watchos;
				SKIP_INSTALL = YES;
				SWIFT_VERSION = 5.0;
				TARGETED_DEVICE_FAMILY = 4;
				WATCHOS_DEPLOYMENT_TARGET = 6.0;
			};
			name = Release;
		};
		B5A7598922EF97D9001FD4F1 /* Debug */ = {
			isa = XCBuildConfiguration;
			buildSettings = {
				CODE_SIGN_STYLE = Automatic;
				CURRENT_PROJECT_VERSION = 1;
				DEVELOPMENT_TEAM = FH9CW55WY5;
				MARKETING_VERSION = 1.0;
				PRODUCT_BUNDLE_IDENTIFIER = "com.carsonkatri.Reddit-watchOS";
				PRODUCT_NAME = Reddit;
				SWIFT_VERSION = 5.0;
			};
			name = Debug;
		};
		B5A7598A22EF97D9001FD4F1 /* Release */ = {
			isa = XCBuildConfiguration;
			buildSettings = {
				CODE_SIGN_STYLE = Automatic;
				CURRENT_PROJECT_VERSION = 1;
				DEVELOPMENT_TEAM = FH9CW55WY5;
				MARKETING_VERSION = 1.0;
				PRODUCT_BUNDLE_IDENTIFIER = "com.carsonkatri.Reddit-watchOS";
				PRODUCT_NAME = Reddit;
				SWIFT_VERSION = 5.0;
			};
			name = Release;
		};
/* End XCBuildConfiguration section */

/* Begin XCConfigurationList section */
		26C1D7EC22E33FD30057DED1 /* Build configuration list for PBXProject "Reddit" */ = {
			isa = XCConfigurationList;
			buildConfigurations = (
				26C1D80322E33FD40057DED1 /* Debug */,
				26C1D80422E33FD40057DED1 /* Release */,
			);
			defaultConfigurationIsVisible = 0;
			defaultConfigurationName = Release;
		};
		26C1D80522E33FD40057DED1 /* Build configuration list for PBXNativeTarget "Reddit" */ = {
			isa = XCConfigurationList;
			buildConfigurations = (
				26C1D80622E33FD40057DED1 /* Debug */,
				26C1D80722E33FD40057DED1 /* Release */,
			);
			defaultConfigurationIsVisible = 0;
			defaultConfigurationName = Release;
		};
		B533A69622F2533900FD3FB2 /* Build configuration list for PBXNativeTarget "Reddit-macOS" */ = {
			isa = XCConfigurationList;
			buildConfigurations = (
				B533A69722F2533900FD3FB2 /* Debug */,
				B533A69822F2533900FD3FB2 /* Release */,
			);
			defaultConfigurationIsVisible = 0;
			defaultConfigurationName = Release;
		};
		B5A7598022EF97D9001FD4F1 /* Build configuration list for PBXNativeTarget "Reddit-watchOS WatchKit Extension" */ = {
			isa = XCConfigurationList;
			buildConfigurations = (
				B5A7598122EF97D9001FD4F1 /* Debug */,
				B5A7598222EF97D9001FD4F1 /* Release */,
			);
			defaultConfigurationIsVisible = 0;
			defaultConfigurationName = Release;
		};
		B5A7598422EF97D9001FD4F1 /* Build configuration list for PBXNativeTarget "Reddit-watchOS WatchKit App" */ = {
			isa = XCConfigurationList;
			buildConfigurations = (
				B5A7598522EF97D9001FD4F1 /* Debug */,
				B5A7598622EF97D9001FD4F1 /* Release */,
			);
			defaultConfigurationIsVisible = 0;
			defaultConfigurationName = Release;
		};
		B5A7598822EF97D9001FD4F1 /* Build configuration list for PBXNativeTarget "Reddit-watchOS" */ = {
			isa = XCConfigurationList;
			buildConfigurations = (
				B5A7598922EF97D9001FD4F1 /* Debug */,
				B5A7598A22EF97D9001FD4F1 /* Release */,
			);
			defaultConfigurationIsVisible = 0;
			defaultConfigurationName = Release;
		};
/* End XCConfigurationList section */

/* Begin XCRemoteSwiftPackageReference section */
		B5A7594622EE8EBA001FD4F1 /* XCRemoteSwiftPackageReference "swift-request" */ = {
			isa = XCRemoteSwiftPackageReference;
			repositoryURL = "https://github.com/carson-katri/swift-request";
			requirement = {
				kind = upToNextMajorVersion;
				minimumVersion = 1.1.1;
			};
		};
/* End XCRemoteSwiftPackageReference section */

/* Begin XCSwiftPackageProductDependency section */
		B51542D822F2538E000ADC16 /* Json */ = {
			isa = XCSwiftPackageProductDependency;
			package = B5A7594622EE8EBA001FD4F1 /* XCRemoteSwiftPackageReference "swift-request" */;
			productName = Json;
		};
		B51542DA22F2538E000ADC16 /* Request */ = {
			isa = XCSwiftPackageProductDependency;
			package = B5A7594622EE8EBA001FD4F1 /* XCRemoteSwiftPackageReference "swift-request" */;
			productName = Request;
		};
		B5A7594722EE8EBA001FD4F1 /* Json */ = {
			isa = XCSwiftPackageProductDependency;
			package = B5A7594622EE8EBA001FD4F1 /* XCRemoteSwiftPackageReference "swift-request" */;
			productName = Json;
		};
		B5A7594922EE8EBA001FD4F1 /* Request */ = {
			isa = XCSwiftPackageProductDependency;
			package = B5A7594622EE8EBA001FD4F1 /* XCRemoteSwiftPackageReference "swift-request" */;
			productName = Request;
		};
		B5A7599522EFA696001FD4F1 /* Json */ = {
			isa = XCSwiftPackageProductDependency;
			package = B5A7594622EE8EBA001FD4F1 /* XCRemoteSwiftPackageReference "swift-request" */;
			productName = Json;
		};
		B5A7599722EFA696001FD4F1 /* Request */ = {
			isa = XCSwiftPackageProductDependency;
			package = B5A7594622EE8EBA001FD4F1 /* XCRemoteSwiftPackageReference "swift-request" */;
			productName = Request;
		};
/* End XCSwiftPackageProductDependency section */
	};
	rootObject = 26C1D7E922E33FD30057DED1 /* Project object */;
}
